
Microsoft Visual Studio Solution File, Format Version 12.00
# Visual Studio Version 17
VisualStudioVersion = 17.0.32014.148
MinimumVisualStudioVersion = 10.0.40219.1
Project("{FAE04EC0-301F-11D3-BF4B-00C04F79EFBC}") = "Lib", "Lib\Lib.csproj", "{C03A1037-232E-4450-89FA-9867E00D15DE}"
EndProject
Project("{FAE04EC0-301F-11D3-BF4B-00C04F79EFBC}") = "Server", "Server\Server.csproj", "{BD958DA0-D374-472F-8819-F8E3F85FBEA4}"
EndProject
Project("{FAE04EC0-301F-11D3-BF4B-00C04F79EFBC}") = "Client", "Client\Client.csproj", "{B44DF7ED-0E02-4E99-B246-D19421CEAC8E}"
EndProject
Global
	GlobalSection(SolutionConfigurationPlatforms) = preSolution
		Debug|Any CPU = Debug|Any CPU
		Release|Any CPU = Release|Any CPU
	EndGlobalSection
	GlobalSection(ProjectConfigurationPlatforms) = postSolution
		{C03A1037-232E-4450-89FA-9867E00D15DE}.Debug|Any CPU.ActiveCfg = Debug|Any CPU
		{C03A1037-232E-4450-89FA-9867E00D15DE}.Debug|Any CPU.Build.0 = Debug|Any CPU
		{C03A1037-232E-4450-89FA-9867E00D15DE}.Release|Any CPU.ActiveCfg = Release|Any CPU
		{C03A1037-232E-4450-89FA-9867E00D15DE}.Release|Any CPU.Build.0 = Release|Any CPU
		{BD958DA0-D374-472F-8819-F8E3F85FBEA4}.Debug|Any CPU.ActiveCfg = Debug|Any CPU
		{BD958DA0-D374-472F-8819-F8E3F85FBEA4}.Debug|Any CPU.Build.0 = Debug|Any CPU
		{BD958DA0-D374-472F-8819-F8E3F85FBEA4}.Release|Any CPU.ActiveCfg = Release|Any CPU
		{BD958DA0-D374-472F-8819-F8E3F85FBEA4}.Release|Any CPU.Build.0 = Release|Any CPU
		{B44DF7ED-0E02-4E99-B246-D19421CEAC8E}.Debug|Any CPU.ActiveCfg = Debug|Any CPU
		{B44DF7ED-0E02-4E99-B246-D19421CEAC8E}.Debug|Any CPU.Build.0 = Debug|Any CPU
		{B44DF7ED-0E02-4E99-B246-D19421CEAC8E}.Release|Any CPU.ActiveCfg = Release|Any CPU
		{B44DF7ED-0E02-4E99-B246-D19421CEAC8E}.Release|Any CPU.Build.0 = Release|Any CPU
	EndGlobalSection
	GlobalSection(SolutionProperties) = preSolution
		HideSolutionNode = FALSE
	EndGlobalSection
	GlobalSection(ExtensibilityGlobals) = postSolution
		SolutionGuid = {F39A59EB-0591-42CC-A7C2-669B73AA7DB1}
	EndGlobalSection
EndGlobal
